// !$*UTF8*$!
{
	archiveVersion = 1;
	classes = {
	};
	objectVersion = 55;
	objects = {

/* Begin PBXBuildFile section */
		698CE969278BFA31009D8074 /* ninja_macApp.swift in Sources */ = {isa = PBXBuildFile; fileRef = 698CE968278BFA31009D8074 /* ninja_macApp.swift */; };
		698CE96B278BFA31009D8074 /* ContentView.swift in Sources */ = {isa = PBXBuildFile; fileRef = 698CE96A278BFA31009D8074 /* ContentView.swift */; };
		698CE96D278BFA32009D8074 /* Assets.xcassets in Resources */ = {isa = PBXBuildFile; fileRef = 698CE96C278BFA32009D8074 /* Assets.xcassets */; };
		698CE970278BFA32009D8074 /* Preview Assets.xcassets in Resources */ = {isa = PBXBuildFile; fileRef = 698CE96F278BFA32009D8074 /* Preview Assets.xcassets */; };
		698CE972278BFA32009D8074 /* Persistence.swift in Sources */ = {isa = PBXBuildFile; fileRef = 698CE971278BFA32009D8074 /* Persistence.swift */; };
		698CE975278BFA32009D8074 /* ninja_mac.xcdatamodeld in Sources */ = {isa = PBXBuildFile; fileRef = 698CE973278BFA32009D8074 /* ninja_mac.xcdatamodeld */; };
		698CE97F278BFEBB009D8074 /* utils.swift in Sources */ = {isa = PBXBuildFile; fileRef = 698CE97E278BFEBB009D8074 /* utils.swift */; };
		698CE981278BFFCD009D8074 /* ninjaLib.a in Frameworks */ = {isa = PBXBuildFile; fileRef = 698CE97D278BFCB5009D8074 /* ninjaLib.a */; };
		69BC6672278D808C00EB2E2C /* ChatMessage.swift in Sources */ = {isa = PBXBuildFile; fileRef = 69BC6671278D808C00EB2E2C /* ChatMessage.swift */; };
		69BC6676278D851400EB2E2C /* AvatarView.swift in Sources */ = {isa = PBXBuildFile; fileRef = 69BC6675278D851400EB2E2C /* AvatarView.swift */; };
		69BC6678278D8CCA00EB2E2C /* Contact.swift in Sources */ = {isa = PBXBuildFile; fileRef = 69BC6677278D8CCA00EB2E2C /* Contact.swift */; };
		69BC667A278D8CE200EB2E2C /* Setting.swift in Sources */ = {isa = PBXBuildFile; fileRef = 69BC6679278D8CE200EB2E2C /* Setting.swift */; };
		69BC667C278D8F2200EB2E2C /* SideBar.swift in Sources */ = {isa = PBXBuildFile; fileRef = 69BC667B278D8F2200EB2E2C /* SideBar.swift */; };
/* End PBXBuildFile section */

/* Begin PBXFileReference section */
		698CE965278BFA31009D8074 /* ninja-mac.app */ = {isa = PBXFileReference; explicitFileType = wrapper.application; includeInIndex = 0; path = "ninja-mac.app"; sourceTree = BUILT_PRODUCTS_DIR; };
		698CE968278BFA31009D8074 /* ninja_macApp.swift */ = {isa = PBXFileReference; lastKnownFileType = sourcecode.swift; path = ninja_macApp.swift; sourceTree = "<group>"; };
		698CE96A278BFA31009D8074 /* ContentView.swift */ = {isa = PBXFileReference; lastKnownFileType = sourcecode.swift; path = ContentView.swift; sourceTree = "<group>"; };
		698CE96C278BFA32009D8074 /* Assets.xcassets */ = {isa = PBXFileReference; lastKnownFileType = folder.assetcatalog; path = Assets.xcassets; sourceTree = "<group>"; };
		698CE96F278BFA32009D8074 /* Preview Assets.xcassets */ = {isa = PBXFileReference; lastKnownFileType = folder.assetcatalog; path = "Preview Assets.xcassets"; sourceTree = "<group>"; };
		698CE971278BFA32009D8074 /* Persistence.swift */ = {isa = PBXFileReference; lastKnownFileType = sourcecode.swift; path = Persistence.swift; sourceTree = "<group>"; };
		698CE974278BFA32009D8074 /* ninja_mac.xcdatamodel */ = {isa = PBXFileReference; lastKnownFileType = wrapper.xcdatamodel; path = ninja_mac.xcdatamodel; sourceTree = "<group>"; };
		698CE976278BFA32009D8074 /* ninja_mac.entitlements */ = {isa = PBXFileReference; lastKnownFileType = text.plist.entitlements; path = ninja_mac.entitlements; sourceTree = "<group>"; };
		698CE97D278BFCB5009D8074 /* ninjaLib.a */ = {isa = PBXFileReference; lastKnownFileType = archive.ar; path = ninjaLib.a; sourceTree = "<group>"; };
		698CE97E278BFEBB009D8074 /* utils.swift */ = {isa = PBXFileReference; lastKnownFileType = sourcecode.swift; path = utils.swift; sourceTree = "<group>"; };
		698CE980278BFF4F009D8074 /* module.modulemap */ = {isa = PBXFileReference; fileEncoding = 4; lastKnownFileType = "sourcecode.module-map"; path = module.modulemap; sourceTree = "<group>"; };
		69BC6671278D808C00EB2E2C /* ChatMessage.swift */ = {isa = PBXFileReference; lastKnownFileType = sourcecode.swift; path = ChatMessage.swift; sourceTree = "<group>"; };
		69BC6675278D851400EB2E2C /* AvatarView.swift */ = {isa = PBXFileReference; lastKnownFileType = sourcecode.swift; path = AvatarView.swift; sourceTree = "<group>"; };
		69BC6677278D8CCA00EB2E2C /* Contact.swift */ = {isa = PBXFileReference; lastKnownFileType = sourcecode.swift; path = Contact.swift; sourceTree = "<group>"; };
		69BC6679278D8CE200EB2E2C /* Setting.swift */ = {isa = PBXFileReference; lastKnownFileType = sourcecode.swift; path = Setting.swift; sourceTree = "<group>"; };
		69BC667B278D8F2200EB2E2C /* SideBar.swift */ = {isa = PBXFileReference; lastKnownFileType = sourcecode.swift; path = SideBar.swift; sourceTree = "<group>"; };
/* End PBXFileReference section */

/* Begin PBXFrameworksBuildPhase section */
		698CE962278BFA31009D8074 /* Frameworks */ = {
			isa = PBXFrameworksBuildPhase;
			buildActionMask = 2147483647;
			files = (
				698CE981278BFFCD009D8074 /* ninjaLib.a in Frameworks */,
			);
			runOnlyForDeploymentPostprocessing = 0;
		};
/* End PBXFrameworksBuildPhase section */

/* Begin PBXGroup section */
		698CE95C278BFA31009D8074 = {
			isa = PBXGroup;
			children = (
				698CE980278BFF4F009D8074 /* module.modulemap */,
				698CE967278BFA31009D8074 /* ninja-mac */,
				698CE966278BFA31009D8074 /* Products */,
				698CE97C278BFCB5009D8074 /* Frameworks */,
			);
			sourceTree = "<group>";
		};
		698CE966278BFA31009D8074 /* Products */ = {
			isa = PBXGroup;
			children = (
				698CE965278BFA31009D8074 /* ninja-mac.app */,
			);
			name = Products;
			sourceTree = "<group>";
		};
		698CE967278BFA31009D8074 /* ninja-mac */ = {
			isa = PBXGroup;
			children = (
				698CE968278BFA31009D8074 /* ninja_macApp.swift */,
				69BC6675278D851400EB2E2C /* AvatarView.swift */,
				698CE97E278BFEBB009D8074 /* utils.swift */,
				698CE96A278BFA31009D8074 /* ContentView.swift */,
				69BC6671278D808C00EB2E2C /* ChatMessage.swift */,
				69BC6677278D8CCA00EB2E2C /* Contact.swift */,
				69BC667B278D8F2200EB2E2C /* SideBar.swift */,
				69BC6679278D8CE200EB2E2C /* Setting.swift */,
				698CE96C278BFA32009D8074 /* Assets.xcassets */,
				698CE971278BFA32009D8074 /* Persistence.swift */,
				698CE976278BFA32009D8074 /* ninja_mac.entitlements */,
				698CE973278BFA32009D8074 /* ninja_mac.xcdatamodeld */,
				698CE96E278BFA32009D8074 /* Preview Content */,
			);
			path = "ninja-mac";
			sourceTree = "<group>";
		};
		698CE96E278BFA32009D8074 /* Preview Content */ = {
			isa = PBXGroup;
			children = (
				698CE96F278BFA32009D8074 /* Preview Assets.xcassets */,
			);
			path = "Preview Content";
			sourceTree = "<group>";
		};
		698CE97C278BFCB5009D8074 /* Frameworks */ = {
			isa = PBXGroup;
			children = (
				698CE97D278BFCB5009D8074 /* ninjaLib.a */,
			);
			name = Frameworks;
			sourceTree = "<group>";
		};
/* End PBXGroup section */

/* Begin PBXNativeTarget section */
		698CE964278BFA31009D8074 /* ninja-mac */ = {
			isa = PBXNativeTarget;
			buildConfigurationList = 698CE979278BFA32009D8074 /* Build configuration list for PBXNativeTarget "ninja-mac" */;
			buildPhases = (
				698CE961278BFA31009D8074 /* Sources */,
				698CE962278BFA31009D8074 /* Frameworks */,
				698CE963278BFA31009D8074 /* Resources */,
			);
			buildRules = (
			);
			dependencies = (
			);
			name = "ninja-mac";
			productName = "ninja-mac";
			productReference = 698CE965278BFA31009D8074 /* ninja-mac.app */;
			productType = "com.apple.product-type.application";
		};
/* End PBXNativeTarget section */

/* Begin PBXProject section */
		698CE95D278BFA31009D8074 /* Project object */ = {
			isa = PBXProject;
			attributes = {
				BuildIndependentTargetsInParallel = 1;
				LastSwiftUpdateCheck = 1320;
				LastUpgradeCheck = 1320;
				TargetAttributes = {
					698CE964278BFA31009D8074 = {
						CreatedOnToolsVersion = 13.2.1;
					};
				};
			};
			buildConfigurationList = 698CE960278BFA31009D8074 /* Build configuration list for PBXProject "ninja-mac" */;
			compatibilityVersion = "Xcode 13.0";
			developmentRegion = en;
			hasScannedForEncodings = 0;
			knownRegions = (
				en,
				Base,
			);
			mainGroup = 698CE95C278BFA31009D8074;
			productRefGroup = 698CE966278BFA31009D8074 /* Products */;
			projectDirPath = "";
			projectRoot = "";
			targets = (
				698CE964278BFA31009D8074 /* ninja-mac */,
			);
		};
/* End PBXProject section */

/* Begin PBXResourcesBuildPhase section */
		698CE963278BFA31009D8074 /* Resources */ = {
			isa = PBXResourcesBuildPhase;
			buildActionMask = 2147483647;
			files = (
				698CE970278BFA32009D8074 /* Preview Assets.xcassets in Resources */,
				698CE96D278BFA32009D8074 /* Assets.xcassets in Resources */,
			);
			runOnlyForDeploymentPostprocessing = 0;
		};
/* End PBXResourcesBuildPhase section */

/* Begin PBXSourcesBuildPhase section */
		698CE961278BFA31009D8074 /* Sources */ = {
			isa = PBXSourcesBuildPhase;
			buildActionMask = 2147483647;
			files = (
				69BC667C278D8F2200EB2E2C /* SideBar.swift in Sources */,
				698CE97F278BFEBB009D8074 /* utils.swift in Sources */,
				698CE972278BFA32009D8074 /* Persistence.swift in Sources */,
				698CE96B278BFA31009D8074 /* ContentView.swift in Sources */,
				69BC6672278D808C00EB2E2C /* ChatMessage.swift in Sources */,
				69BC6678278D8CCA00EB2E2C /* Contact.swift in Sources */,
				69BC6676278D851400EB2E2C /* AvatarView.swift in Sources */,
				698CE975278BFA32009D8074 /* ninja_mac.xcdatamodeld in Sources */,
				698CE969278BFA31009D8074 /* ninja_macApp.swift in Sources */,
				69BC667A278D8CE200EB2E2C /* Setting.swift in Sources */,
			);
			runOnlyForDeploymentPostprocessing = 0;
		};
/* End PBXSourcesBuildPhase section */

/* Begin XCBuildConfiguration section */
		698CE977278BFA32009D8074 /* Debug */ = {
			isa = XCBuildConfiguration;
			buildSettings = {
				ALWAYS_SEARCH_USER_PATHS = NO;
				CLANG_ANALYZER_NONNULL = YES;
				CLANG_ANALYZER_NUMBER_OBJECT_CONVERSION = YES_AGGRESSIVE;
				CLANG_CXX_LANGUAGE_STANDARD = "gnu++17";
				CLANG_CXX_LIBRARY = "libc++";
				CLANG_ENABLE_MODULES = YES;
				CLANG_ENABLE_OBJC_ARC = YES;
				CLANG_ENABLE_OBJC_WEAK = YES;
				CLANG_WARN_BLOCK_CAPTURE_AUTORELEASING = YES;
				CLANG_WARN_BOOL_CONVERSION = YES;
				CLANG_WARN_COMMA = YES;
				CLANG_WARN_CONSTANT_CONVERSION = YES;
				CLANG_WARN_DEPRECATED_OBJC_IMPLEMENTATIONS = YES;
				CLANG_WARN_DIRECT_OBJC_ISA_USAGE = YES_ERROR;
				CLANG_WARN_DOCUMENTATION_COMMENTS = YES;
				CLANG_WARN_EMPTY_BODY = YES;
				CLANG_WARN_ENUM_CONVERSION = YES;
				CLANG_WARN_INFINITE_RECURSION = YES;
				CLANG_WARN_INT_CONVERSION = YES;
				CLANG_WARN_NON_LITERAL_NULL_CONVERSION = YES;
				CLANG_WARN_OBJC_IMPLICIT_RETAIN_SELF = YES;
				CLANG_WARN_OBJC_LITERAL_CONVERSION = YES;
				CLANG_WARN_OBJC_ROOT_CLASS = YES_ERROR;
				CLANG_WARN_QUOTED_INCLUDE_IN_FRAMEWORK_HEADER = YES;
				CLANG_WARN_RANGE_LOOP_ANALYSIS = YES;
				CLANG_WARN_STRICT_PROTOTYPES = YES;
				CLANG_WARN_SUSPICIOUS_MOVE = YES;
				CLANG_WARN_UNGUARDED_AVAILABILITY = YES_AGGRESSIVE;
				CLANG_WARN_UNREACHABLE_CODE = YES;
				CLANG_WARN__DUPLICATE_METHOD_MATCH = YES;
				COPY_PHASE_STRIP = NO;
				DEBUG_INFORMATION_FORMAT = dwarf;
				ENABLE_STRICT_OBJC_MSGSEND = YES;
				ENABLE_TESTABILITY = YES;
				GCC_C_LANGUAGE_STANDARD = gnu11;
				GCC_DYNAMIC_NO_PIC = NO;
				GCC_NO_COMMON_BLOCKS = YES;
				GCC_OPTIMIZATION_LEVEL = 0;
				GCC_PREPROCESSOR_DEFINITIONS = (
					"DEBUG=1",
					"$(inherited)",
				);
				GCC_WARN_64_TO_32_BIT_CONVERSION = YES;
				GCC_WARN_ABOUT_RETURN_TYPE = YES_ERROR;
				GCC_WARN_UNDECLARED_SELECTOR = YES;
				GCC_WARN_UNINITIALIZED_AUTOS = YES_AGGRESSIVE;
				GCC_WARN_UNUSED_FUNCTION = YES;
				GCC_WARN_UNUSED_VARIABLE = YES;
				MACOSX_DEPLOYMENT_TARGET = 12.1;
				MTL_ENABLE_DEBUG_INFO = INCLUDE_SOURCE;
				MTL_FAST_MATH = YES;
				ONLY_ACTIVE_ARCH = YES;
				SDKROOT = macosx;
				SWIFT_ACTIVE_COMPILATION_CONDITIONS = DEBUG;
				SWIFT_OPTIMIZATION_LEVEL = "-Onone";
			};
			name = Debug;
		};
		698CE978278BFA32009D8074 /* Release */ = {
			isa = XCBuildConfiguration;
			buildSettings = {
				ALWAYS_SEARCH_USER_PATHS = NO;
				CLANG_ANALYZER_NONNULL = YES;
				CLANG_ANALYZER_NUMBER_OBJECT_CONVERSION = YES_AGGRESSIVE;
				CLANG_CXX_LANGUAGE_STANDARD = "gnu++17";
				CLANG_CXX_LIBRARY = "libc++";
				CLANG_ENABLE_MODULES = YES;
				CLANG_ENABLE_OBJC_ARC = YES;
				CLANG_ENABLE_OBJC_WEAK = YES;
				CLANG_WARN_BLOCK_CAPTURE_AUTORELEASING = YES;
				CLANG_WARN_BOOL_CONVERSION = YES;
				CLANG_WARN_COMMA = YES;
				CLANG_WARN_CONSTANT_CONVERSION = YES;
				CLANG_WARN_DEPRECATED_OBJC_IMPLEMENTATIONS = YES;
				CLANG_WARN_DIRECT_OBJC_ISA_USAGE = YES_ERROR;
				CLANG_WARN_DOCUMENTATION_COMMENTS = YES;
				CLANG_WARN_EMPTY_BODY = YES;
				CLANG_WARN_ENUM_CONVERSION = YES;
				CLANG_WARN_INFINITE_RECURSION = YES;
				CLANG_WARN_INT_CONVERSION = YES;
				CLANG_WARN_NON_LITERAL_NULL_CONVERSION = YES;
				CLANG_WARN_OBJC_IMPLICIT_RETAIN_SELF = YES;
				CLANG_WARN_OBJC_LITERAL_CONVERSION = YES;
				CLANG_WARN_OBJC_ROOT_CLASS = YES_ERROR;
				CLANG_WARN_QUOTED_INCLUDE_IN_FRAMEWORK_HEADER = YES;
				CLANG_WARN_RANGE_LOOP_ANALYSIS = YES;
				CLANG_WARN_STRICT_PROTOTYPES = YES;
				CLANG_WARN_SUSPICIOUS_MOVE = YES;
				CLANG_WARN_UNGUARDED_AVAILABILITY = YES_AGGRESSIVE;
				CLANG_WARN_UNREACHABLE_CODE = YES;
				CLANG_WARN__DUPLICATE_METHOD_MATCH = YES;
				COPY_PHASE_STRIP = NO;
				DEBUG_INFORMATION_FORMAT = "dwarf-with-dsym";
				ENABLE_NS_ASSERTIONS = NO;
				ENABLE_STRICT_OBJC_MSGSEND = YES;
				GCC_C_LANGUAGE_STANDARD = gnu11;
				GCC_NO_COMMON_BLOCKS = YES;
				GCC_WARN_64_TO_32_BIT_CONVERSION = YES;
				GCC_WARN_ABOUT_RETURN_TYPE = YES_ERROR;
				GCC_WARN_UNDECLARED_SELECTOR = YES;
				GCC_WARN_UNINITIALIZED_AUTOS = YES_AGGRESSIVE;
				GCC_WARN_UNUSED_FUNCTION = YES;
				GCC_WARN_UNUSED_VARIABLE = YES;
				MACOSX_DEPLOYMENT_TARGET = 12.1;
				MTL_ENABLE_DEBUG_INFO = NO;
				MTL_FAST_MATH = YES;
				SDKROOT = macosx;
				SWIFT_COMPILATION_MODE = wholemodule;
				SWIFT_OPTIMIZATION_LEVEL = "-O";
			};
			name = Release;
		};
		698CE97A278BFA32009D8074 /* Debug */ = {
			isa = XCBuildConfiguration;
			buildSettings = {
				ASSETCATALOG_COMPILER_APPICON_NAME = AppIcon;
				ASSETCATALOG_COMPILER_GLOBAL_ACCENT_COLOR_NAME = AccentColor;
				CODE_SIGN_ENTITLEMENTS = "ninja-mac/ninja_mac.entitlements";
				CODE_SIGN_STYLE = Automatic;
				COMBINE_HIDPI_IMAGES = YES;
				CURRENT_PROJECT_VERSION = 1;
				DEVELOPMENT_ASSET_PATHS = "\"ninja-mac/Preview Content\"";
				DEVELOPMENT_TEAM = 6A53CAFMZ9;
				ENABLE_HARDENED_RUNTIME = YES;
				ENABLE_PREVIEWS = YES;
				GENERATE_INFOPLIST_FILE = YES;
				INFOPLIST_KEY_LSApplicationCategoryType = "public.app-category.social-networking";
				INFOPLIST_KEY_NSHumanReadableCopyright = "";
				LD_RUNPATH_SEARCH_PATHS = (
					"$(inherited)",
					"@executable_path/../Frameworks",
				);
				LIBRARY_SEARCH_PATHS = "$(PROJECT_DIR)";
				MARKETING_VERSION = 1.0;
				PRODUCT_BUNDLE_IDENTIFIER = "com.ninjahome.ninja-mac";
				PRODUCT_NAME = "$(TARGET_NAME)";
				SWIFT_EMIT_LOC_STRINGS = YES;
				SWIFT_INCLUDE_PATHS = "$(PROJECT_DIR)";
				SWIFT_VERSION = 5.0;
			};
			name = Debug;
		};
		698CE97B278BFA32009D8074 /* Release */ = {
			isa = XCBuildConfiguration;
			buildSettings = {
				ASSETCATALOG_COMPILER_APPICON_NAME = AppIcon;
				ASSETCATALOG_COMPILER_GLOBAL_ACCENT_COLOR_NAME = AccentColor;
				CODE_SIGN_ENTITLEMENTS = "ninja-mac/ninja_mac.entitlements";
				CODE_SIGN_STYLE = Automatic;
				COMBINE_HIDPI_IMAGES = YES;
				CURRENT_PROJECT_VERSION = 1;
				DEVELOPMENT_ASSET_PATHS = "\"ninja-mac/Preview Content\"";
				DEVELOPMENT_TEAM = 6A53CAFMZ9;
				ENABLE_HARDENED_RUNTIME = YES;
				ENABLE_PREVIEWS = YES;
				GENERATE_INFOPLIST_FILE = YES;
				INFOPLIST_KEY_LSApplicationCategoryType = "public.app-category.social-networking";
				INFOPLIST_KEY_NSHumanReadableCopyright = "";
				LD_RUNPATH_SEARCH_PATHS = (
					"$(inherited)",
					"@executable_path/../Frameworks",
				);
				LIBRARY_SEARCH_PATHS = "$(PROJECT_DIR)";
				MARKETING_VERSION = 1.0;
				PRODUCT_BUNDLE_IDENTIFIER = "com.ninjahome.ninja-mac";
				PRODUCT_NAME = "$(TARGET_NAME)";
				SWIFT_EMIT_LOC_STRINGS = YES;
				SWIFT_INCLUDE_PATHS = "$(PROJECT_DIR)";
				SWIFT_VERSION = 5.0;
			};
			name = Release;
		};
/* End XCBuildConfiguration section */

/* Begin XCConfigurationList section */
		698CE960278BFA31009D8074 /* Build configuration list for PBXProject "ninja-mac" */ = {
			isa = XCConfigurationList;
			buildConfigurations = (
				698CE977278BFA32009D8074 /* Debug */,
				698CE978278BFA32009D8074 /* Release */,
			);
			defaultConfigurationIsVisible = 0;
			defaultConfigurationName = Release;
		};
		698CE979278BFA32009D8074 /* Build configuration list for PBXNativeTarget "ninja-mac" */ = {
			isa = XCConfigurationList;
			buildConfigurations = (
				698CE97A278BFA32009D8074 /* Debug */,
				698CE97B278BFA32009D8074 /* Release */,
			);
			defaultConfigurationIsVisible = 0;
			defaultConfigurationName = Release;
		};
/* End XCConfigurationList section */

/* Begin XCVersionGroup section */
		698CE973278BFA32009D8074 /* ninja_mac.xcdatamodeld */ = {
			isa = XCVersionGroup;
			children = (
				698CE974278BFA32009D8074 /* ninja_mac.xcdatamodel */,
			);
			currentVersion = 698CE974278BFA32009D8074 /* ninja_mac.xcdatamodel */;
			path = ninja_mac.xcdatamodeld;
			sourceTree = "<group>";
			versionGroupType = wrapper.xcdatamodel;
		};
/* End XCVersionGroup section */
	};
	rootObject = 698CE95D278BFA31009D8074 /* Project object */;
}
